// !$*UTF8*$!
{
	archiveVersion = 1;
	classes = {
	};
	objectVersion = 56;
	objects = {

/* Begin PBXBuildFile section */
		422D52352CED496A0027F9D7 /* ApiConfiguration.swift in Sources */ = {isa = PBXBuildFile; fileRef = 422D52342CED496A0027F9D7 /* ApiConfiguration.swift */; };
		422D52372CED50230027F9D7 /* ApiSettingsView.swift in Sources */ = {isa = PBXBuildFile; fileRef = 422D52362CED50230027F9D7 /* ApiSettingsView.swift */; };
		422D523D2CEFBAD60027F9D7 /* RoundTripView.swift in Sources */ = {isa = PBXBuildFile; fileRef = 422D523C2CEFBAD60027F9D7 /* RoundTripView.swift */; };
		428539352CF69D8A00084545 /* RoundTrip.swift in Sources */ = {isa = PBXBuildFile; fileRef = 428539342CF69D8A00084545 /* RoundTrip.swift */; };
		428539372CF69E2300084545 /* RoundTripStore.swift in Sources */ = {isa = PBXBuildFile; fileRef = 428539362CF69E2300084545 /* RoundTripStore.swift */; };
		C10E03962D11EE6C00ECD382 /* BranchSDK in Frameworks */ = {isa = PBXBuildFile; productRef = C10E03952D11EE6C00ECD382 /* BranchSDK */; };
		C16B978F2B759F9D00FB0631 /* BranchLinkSimulatorApp.swift in Sources */ = {isa = PBXBuildFile; fileRef = C16B978E2B759F9D00FB0631 /* BranchLinkSimulatorApp.swift */; };
		C16B97912B759F9D00FB0631 /* HomeView.swift in Sources */ = {isa = PBXBuildFile; fileRef = C16B97902B759F9D00FB0631 /* HomeView.swift */; };
		C16B97932B759F9E00FB0631 /* Assets.xcassets in Resources */ = {isa = PBXBuildFile; fileRef = C16B97922B759F9E00FB0631 /* Assets.xcassets */; };
		C16B97962B759F9E00FB0631 /* Preview Assets.xcassets in Resources */ = {isa = PBXBuildFile; fileRef = C16B97952B759F9E00FB0631 /* Preview Assets.xcassets */; };
		C16B97A02B75A0FA00FB0631 /* DeeplinkDetailView.swift in Sources */ = {isa = PBXBuildFile; fileRef = C16B979F2B75A0FA00FB0631 /* DeeplinkDetailView.swift */; };
		C16B97A22B75A18A00FB0631 /* AppDelegate.swift in Sources */ = {isa = PBXBuildFile; fileRef = C16B97A12B75A18A00FB0631 /* AppDelegate.swift */; };
		C16B97B22B87BD8300FB0631 /* AdSupport.framework in Frameworks */ = {isa = PBXBuildFile; fileRef = C16B97B02B87BD8000FB0631 /* AdSupport.framework */; };
		E7EA36B22DD63A350094FCC9 /* SafariServices.framework in Frameworks */ = {isa = PBXBuildFile; fileRef = E7EA36B12DD63A350094FCC9 /* SafariServices.framework */; };
/* End PBXBuildFile section */

/* Begin PBXFileReference section */
		422D52342CED496A0027F9D7 /* ApiConfiguration.swift */ = {isa = PBXFileReference; lastKnownFileType = sourcecode.swift; path = ApiConfiguration.swift; sourceTree = "<group>"; };
		422D52362CED50230027F9D7 /* ApiSettingsView.swift */ = {isa = PBXFileReference; lastKnownFileType = sourcecode.swift; path = ApiSettingsView.swift; sourceTree = "<group>"; };
		422D523C2CEFBAD60027F9D7 /* RoundTripView.swift */ = {isa = PBXFileReference; lastKnownFileType = sourcecode.swift; path = RoundTripView.swift; sourceTree = "<group>"; };
		428539342CF69D8A00084545 /* RoundTrip.swift */ = {isa = PBXFileReference; fileEncoding = 4; lastKnownFileType = sourcecode.swift; path = RoundTrip.swift; sourceTree = "<group>"; };
		428539362CF69E2300084545 /* RoundTripStore.swift */ = {isa = PBXFileReference; lastKnownFileType = sourcecode.swift; path = RoundTripStore.swift; sourceTree = "<group>"; };
		C16B978B2B759F9D00FB0631 /* BranchLinkSimulator.app */ = {isa = PBXFileReference; explicitFileType = wrapper.application; includeInIndex = 0; path = BranchLinkSimulator.app; sourceTree = BUILT_PRODUCTS_DIR; };
		C16B978E2B759F9D00FB0631 /* BranchLinkSimulatorApp.swift */ = {isa = PBXFileReference; lastKnownFileType = sourcecode.swift; path = BranchLinkSimulatorApp.swift; sourceTree = "<group>"; };
		C16B97902B759F9D00FB0631 /* HomeView.swift */ = {isa = PBXFileReference; lastKnownFileType = sourcecode.swift; path = HomeView.swift; sourceTree = "<group>"; };
		C16B97922B759F9E00FB0631 /* Assets.xcassets */ = {isa = PBXFileReference; lastKnownFileType = folder.assetcatalog; path = Assets.xcassets; sourceTree = "<group>"; };
		C16B97952B759F9E00FB0631 /* Preview Assets.xcassets */ = {isa = PBXFileReference; lastKnownFileType = folder.assetcatalog; path = "Preview Assets.xcassets"; sourceTree = "<group>"; };
		C16B979F2B75A0FA00FB0631 /* DeeplinkDetailView.swift */ = {isa = PBXFileReference; lastKnownFileType = sourcecode.swift; path = DeeplinkDetailView.swift; sourceTree = "<group>"; };
		C16B97A12B75A18A00FB0631 /* AppDelegate.swift */ = {isa = PBXFileReference; lastKnownFileType = sourcecode.swift; path = AppDelegate.swift; sourceTree = "<group>"; };
		C16B97A52B75A4F800FB0631 /* BranchLinkSimulator.entitlements */ = {isa = PBXFileReference; lastKnownFileType = text.plist.entitlements; path = BranchLinkSimulator.entitlements; sourceTree = "<group>"; };
		C16B97A62B75A5F700FB0631 /* Info.plist */ = {isa = PBXFileReference; lastKnownFileType = text.plist; path = Info.plist; sourceTree = "<group>"; };
		C16B97B02B87BD8000FB0631 /* AdSupport.framework */ = {isa = PBXFileReference; lastKnownFileType = wrapper.framework; name = AdSupport.framework; path = System/Library/Frameworks/AdSupport.framework; sourceTree = SDKROOT; };
		E7EA36B12DD63A350094FCC9 /* SafariServices.framework */ = {isa = PBXFileReference; lastKnownFileType = wrapper.framework; name = SafariServices.framework; path = System/Library/Frameworks/SafariServices.framework; sourceTree = SDKROOT; };
/* End PBXFileReference section */

/* Begin PBXFrameworksBuildPhase section */
		C16B97882B759F9D00FB0631 /* Frameworks */ = {
			isa = PBXFrameworksBuildPhase;
			buildActionMask = 2147483647;
			files = (
				E7EA36B22DD63A350094FCC9 /* SafariServices.framework in Frameworks */,
				C16B97B22B87BD8300FB0631 /* AdSupport.framework in Frameworks */,
				C10E03962D11EE6C00ECD382 /* BranchSDK in Frameworks */,
			);
			runOnlyForDeploymentPostprocessing = 0;
		};
/* End PBXFrameworksBuildPhase section */

/* Begin PBXGroup section */
		C16B97822B759F9D00FB0631 = {
			isa = PBXGroup;
			children = (
				C16B978D2B759F9D00FB0631 /* BranchLinkSimulator */,
				C16B978C2B759F9D00FB0631 /* Products */,
				C16B97AF2B87BD8000FB0631 /* Frameworks */,
			);
			sourceTree = "<group>";
		};
		C16B978C2B759F9D00FB0631 /* Products */ = {
			isa = PBXGroup;
			children = (
				C16B978B2B759F9D00FB0631 /* BranchLinkSimulator.app */,
			);
			name = Products;
			sourceTree = "<group>";
		};
		C16B978D2B759F9D00FB0631 /* BranchLinkSimulator */ = {
			isa = PBXGroup;
			children = (
				C16B97A62B75A5F700FB0631 /* Info.plist */,
				C16B97A52B75A4F800FB0631 /* BranchLinkSimulator.entitlements */,
				C16B97A12B75A18A00FB0631 /* AppDelegate.swift */,
				C16B978E2B759F9D00FB0631 /* BranchLinkSimulatorApp.swift */,
				C16B979F2B75A0FA00FB0631 /* DeeplinkDetailView.swift */,
				C16B97902B759F9D00FB0631 /* HomeView.swift */,
				C16B97922B759F9E00FB0631 /* Assets.xcassets */,
				C16B97942B759F9E00FB0631 /* Preview Content */,
				422D52342CED496A0027F9D7 /* ApiConfiguration.swift */,
				422D52362CED50230027F9D7 /* ApiSettingsView.swift */,
				428539342CF69D8A00084545 /* RoundTrip.swift */,
				428539362CF69E2300084545 /* RoundTripStore.swift */,
				422D523C2CEFBAD60027F9D7 /* RoundTripView.swift */,
			);
			path = BranchLinkSimulator;
			sourceTree = "<group>";
		};
		C16B97942B759F9E00FB0631 /* Preview Content */ = {
			isa = PBXGroup;
			children = (
				C16B97952B759F9E00FB0631 /* Preview Assets.xcassets */,
			);
			path = "Preview Content";
			sourceTree = "<group>";
		};
		C16B97AF2B87BD8000FB0631 /* Frameworks */ = {
			isa = PBXGroup;
			children = (
				E7EA36B12DD63A350094FCC9 /* SafariServices.framework */,
				C16B97B02B87BD8000FB0631 /* AdSupport.framework */,
			);
			name = Frameworks;
			sourceTree = "<group>";
		};
/* End PBXGroup section */

/* Begin PBXNativeTarget section */
		C16B978A2B759F9D00FB0631 /* BranchLinkSimulator */ = {
			isa = PBXNativeTarget;
			buildConfigurationList = C16B97992B759F9E00FB0631 /* Build configuration list for PBXNativeTarget "BranchLinkSimulator" */;
			buildPhases = (
				C16B97872B759F9D00FB0631 /* Sources */,
				C16B97882B759F9D00FB0631 /* Frameworks */,
				C16B97892B759F9D00FB0631 /* Resources */,
			);
			buildRules = (
			);
			dependencies = (
			);
			name = BranchLinkSimulator;
			packageProductDependencies = (
				C10E03952D11EE6C00ECD382 /* BranchSDK */,
			);
			productName = BranchLinkSimulator;
			productReference = C16B978B2B759F9D00FB0631 /* BranchLinkSimulator.app */;
			productType = "com.apple.product-type.application";
		};
/* End PBXNativeTarget section */

/* Begin PBXProject section */
		C16B97832B759F9D00FB0631 /* Project object */ = {
			isa = PBXProject;
			attributes = {
				BuildIndependentTargetsInParallel = 1;
				LastSwiftUpdateCheck = 1500;
				LastUpgradeCheck = 1500;
				TargetAttributes = {
					C16B978A2B759F9D00FB0631 = {
						CreatedOnToolsVersion = 15.0;
					};
				};
			};
			buildConfigurationList = C16B97862B759F9D00FB0631 /* Build configuration list for PBXProject "BranchLinkSimulator" */;
			compatibilityVersion = "Xcode 14.0";
			developmentRegion = en;
			hasScannedForEncodings = 0;
			knownRegions = (
				en,
				Base,
			);
			mainGroup = C16B97822B759F9D00FB0631;
			packageReferences = (
				C10E03942D11EE6C00ECD382 /* XCRemoteSwiftPackageReference "ios-branch-deep-linking-attribution" */,
			);
			productRefGroup = C16B978C2B759F9D00FB0631 /* Products */;
			projectDirPath = "";
			projectRoot = "";
			targets = (
				C16B978A2B759F9D00FB0631 /* BranchLinkSimulator */,
			);
		};
/* End PBXProject section */

/* Begin PBXResourcesBuildPhase section */
		C16B97892B759F9D00FB0631 /* Resources */ = {
			isa = PBXResourcesBuildPhase;
			buildActionMask = 2147483647;
			files = (
				C16B97962B759F9E00FB0631 /* Preview Assets.xcassets in Resources */,
				C16B97932B759F9E00FB0631 /* Assets.xcassets in Resources */,
			);
			runOnlyForDeploymentPostprocessing = 0;
		};
/* End PBXResourcesBuildPhase section */

/* Begin PBXSourcesBuildPhase section */
		C16B97872B759F9D00FB0631 /* Sources */ = {
			isa = PBXSourcesBuildPhase;
			buildActionMask = 2147483647;
			files = (
				422D52352CED496A0027F9D7 /* ApiConfiguration.swift in Sources */,
				C16B97A22B75A18A00FB0631 /* AppDelegate.swift in Sources */,
				422D52372CED50230027F9D7 /* ApiSettingsView.swift in Sources */,
				428539352CF69D8A00084545 /* RoundTrip.swift in Sources */,
				C16B97912B759F9D00FB0631 /* HomeView.swift in Sources */,
				428539372CF69E2300084545 /* RoundTripStore.swift in Sources */,
				C16B978F2B759F9D00FB0631 /* BranchLinkSimulatorApp.swift in Sources */,
				422D523D2CEFBAD60027F9D7 /* RoundTripView.swift in Sources */,
				C16B97A02B75A0FA00FB0631 /* DeeplinkDetailView.swift in Sources */,
			);
			runOnlyForDeploymentPostprocessing = 0;
		};
/* End PBXSourcesBuildPhase section */

/* Begin XCBuildConfiguration section */
		C16B97972B759F9E00FB0631 /* Debug */ = {
			isa = XCBuildConfiguration;
			buildSettings = {
				ALWAYS_SEARCH_USER_PATHS = NO;
				ASSETCATALOG_COMPILER_GENERATE_SWIFT_ASSET_SYMBOL_EXTENSIONS = YES;
				CLANG_ANALYZER_NONNULL = YES;
				CLANG_ANALYZER_NUMBER_OBJECT_CONVERSION = YES_AGGRESSIVE;
				CLANG_CXX_LANGUAGE_STANDARD = "gnu++20";
				CLANG_ENABLE_MODULES = YES;
				CLANG_ENABLE_OBJC_ARC = YES;
				CLANG_ENABLE_OBJC_WEAK = YES;
				CLANG_WARN_BLOCK_CAPTURE_AUTORELEASING = YES;
				CLANG_WARN_BOOL_CONVERSION = YES;
				CLANG_WARN_COMMA = YES;
				CLANG_WARN_CONSTANT_CONVERSION = YES;
				CLANG_WARN_DEPRECATED_OBJC_IMPLEMENTATIONS = YES;
				CLANG_WARN_DIRECT_OBJC_ISA_USAGE = YES_ERROR;
				CLANG_WARN_DOCUMENTATION_COMMENTS = YES;
				CLANG_WARN_EMPTY_BODY = YES;
				CLANG_WARN_ENUM_CONVERSION = YES;
				CLANG_WARN_INFINITE_RECURSION = YES;
				CLANG_WARN_INT_CONVERSION = YES;
				CLANG_WARN_NON_LITERAL_NULL_CONVERSION = YES;
				CLANG_WARN_OBJC_IMPLICIT_RETAIN_SELF = YES;
				CLANG_WARN_OBJC_LITERAL_CONVERSION = YES;
				CLANG_WARN_OBJC_ROOT_CLASS = YES_ERROR;
				CLANG_WARN_QUOTED_INCLUDE_IN_FRAMEWORK_HEADER = YES;
				CLANG_WARN_RANGE_LOOP_ANALYSIS = YES;
				CLANG_WARN_STRICT_PROTOTYPES = YES;
				CLANG_WARN_SUSPICIOUS_MOVE = YES;
				CLANG_WARN_UNGUARDED_AVAILABILITY = YES_AGGRESSIVE;
				CLANG_WARN_UNREACHABLE_CODE = YES;
				CLANG_WARN__DUPLICATE_METHOD_MATCH = YES;
				COPY_PHASE_STRIP = NO;
				DEBUG_INFORMATION_FORMAT = dwarf;
				ENABLE_STRICT_OBJC_MSGSEND = YES;
				ENABLE_TESTABILITY = YES;
				ENABLE_USER_SCRIPT_SANDBOXING = YES;
				GCC_C_LANGUAGE_STANDARD = gnu17;
				GCC_DYNAMIC_NO_PIC = NO;
				GCC_NO_COMMON_BLOCKS = YES;
				GCC_OPTIMIZATION_LEVEL = 0;
				GCC_PREPROCESSOR_DEFINITIONS = (
					"DEBUG=1",
					"$(inherited)",
				);
				GCC_WARN_64_TO_32_BIT_CONVERSION = YES;
				GCC_WARN_ABOUT_RETURN_TYPE = YES_ERROR;
				GCC_WARN_UNDECLARED_SELECTOR = YES;
				GCC_WARN_UNINITIALIZED_AUTOS = YES_AGGRESSIVE;
				GCC_WARN_UNUSED_FUNCTION = YES;
				GCC_WARN_UNUSED_VARIABLE = YES;
				IPHONEOS_DEPLOYMENT_TARGET = 17.0;
				LOCALIZATION_PREFERS_STRING_CATALOGS = YES;
				MTL_ENABLE_DEBUG_INFO = INCLUDE_SOURCE;
				MTL_FAST_MATH = YES;
				ONLY_ACTIVE_ARCH = YES;
				SDKROOT = iphoneos;
				SWIFT_ACTIVE_COMPILATION_CONDITIONS = "DEBUG $(inherited)";
				SWIFT_OPTIMIZATION_LEVEL = "-Onone";
			};
			name = Debug;
		};
		C16B97982B759F9E00FB0631 /* Release */ = {
			isa = XCBuildConfiguration;
			buildSettings = {
				ALWAYS_SEARCH_USER_PATHS = NO;
				ASSETCATALOG_COMPILER_GENERATE_SWIFT_ASSET_SYMBOL_EXTENSIONS = YES;
				CLANG_ANALYZER_NONNULL = YES;
				CLANG_ANALYZER_NUMBER_OBJECT_CONVERSION = YES_AGGRESSIVE;
				CLANG_CXX_LANGUAGE_STANDARD = "gnu++20";
				CLANG_ENABLE_MODULES = YES;
				CLANG_ENABLE_OBJC_ARC = YES;
				CLANG_ENABLE_OBJC_WEAK = YES;
				CLANG_WARN_BLOCK_CAPTURE_AUTORELEASING = YES;
				CLANG_WARN_BOOL_CONVERSION = YES;
				CLANG_WARN_COMMA = YES;
				CLANG_WARN_CONSTANT_CONVERSION = YES;
				CLANG_WARN_DEPRECATED_OBJC_IMPLEMENTATIONS = YES;
				CLANG_WARN_DIRECT_OBJC_ISA_USAGE = YES_ERROR;
				CLANG_WARN_DOCUMENTATION_COMMENTS = YES;
				CLANG_WARN_EMPTY_BODY = YES;
				CLANG_WARN_ENUM_CONVERSION = YES;
				CLANG_WARN_INFINITE_RECURSION = YES;
				CLANG_WARN_INT_CONVERSION = YES;
				CLANG_WARN_NON_LITERAL_NULL_CONVERSION = YES;
				CLANG_WARN_OBJC_IMPLICIT_RETAIN_SELF = YES;
				CLANG_WARN_OBJC_LITERAL_CONVERSION = YES;
				CLANG_WARN_OBJC_ROOT_CLASS = YES_ERROR;
				CLANG_WARN_QUOTED_INCLUDE_IN_FRAMEWORK_HEADER = YES;
				CLANG_WARN_RANGE_LOOP_ANALYSIS = YES;
				CLANG_WARN_STRICT_PROTOTYPES = YES;
				CLANG_WARN_SUSPICIOUS_MOVE = YES;
				CLANG_WARN_UNGUARDED_AVAILABILITY = YES_AGGRESSIVE;
				CLANG_WARN_UNREACHABLE_CODE = YES;
				CLANG_WARN__DUPLICATE_METHOD_MATCH = YES;
				COPY_PHASE_STRIP = NO;
				DEBUG_INFORMATION_FORMAT = "dwarf-with-dsym";
				ENABLE_NS_ASSERTIONS = NO;
				ENABLE_STRICT_OBJC_MSGSEND = YES;
				ENABLE_USER_SCRIPT_SANDBOXING = YES;
				GCC_C_LANGUAGE_STANDARD = gnu17;
				GCC_NO_COMMON_BLOCKS = YES;
				GCC_WARN_64_TO_32_BIT_CONVERSION = YES;
				GCC_WARN_ABOUT_RETURN_TYPE = YES_ERROR;
				GCC_WARN_UNDECLARED_SELECTOR = YES;
				GCC_WARN_UNINITIALIZED_AUTOS = YES_AGGRESSIVE;
				GCC_WARN_UNUSED_FUNCTION = YES;
				GCC_WARN_UNUSED_VARIABLE = YES;
				IPHONEOS_DEPLOYMENT_TARGET = 17.0;
				LOCALIZATION_PREFERS_STRING_CATALOGS = YES;
				MTL_ENABLE_DEBUG_INFO = NO;
				MTL_FAST_MATH = YES;
				SDKROOT = iphoneos;
				SWIFT_COMPILATION_MODE = wholemodule;
				VALIDATE_PRODUCT = YES;
			};
			name = Release;
		};
		C16B979A2B759F9E00FB0631 /* Debug */ = {
			isa = XCBuildConfiguration;
			buildSettings = {
				ASSETCATALOG_COMPILER_APPICON_NAME = AppIcon;
				ASSETCATALOG_COMPILER_GLOBAL_ACCENT_COLOR_NAME = AccentColor;
				CODE_SIGN_ENTITLEMENTS = BranchLinkSimulator/BranchLinkSimulator.entitlements;
				CODE_SIGN_STYLE = Automatic;
				CURRENT_PROJECT_VERSION = 1;
				DEVELOPMENT_ASSET_PATHS = "\"BranchLinkSimulator/Preview Content\"";
				DEVELOPMENT_TEAM = R63EM248DP;
				ENABLE_PREVIEWS = YES;
				GENERATE_INFOPLIST_FILE = YES;
				INFOPLIST_FILE = BranchLinkSimulator/Info.plist;
				INFOPLIST_KEY_CFBundleDisplayName = "Link Simulator";
				INFOPLIST_KEY_LSApplicationCategoryType = "public.app-category.developer-tools";
				INFOPLIST_KEY_NSUserTrackingUsageDescription = "We use tracking to improve your experience—ensuring efficient app navigation, accurate event insights, and proper functionality.";
				INFOPLIST_KEY_UIApplicationSceneManifest_Generation = YES;
				INFOPLIST_KEY_UIApplicationSupportsIndirectInputEvents = YES;
				INFOPLIST_KEY_UILaunchScreen_Generation = YES;
				INFOPLIST_KEY_UISupportedInterfaceOrientations = UIInterfaceOrientationPortrait;
				INFOPLIST_KEY_UISupportedInterfaceOrientations_iPad = "UIInterfaceOrientationLandscapeLeft UIInterfaceOrientationLandscapeRight UIInterfaceOrientationPortrait UIInterfaceOrientationPortraitUpsideDown";
				LD_RUNPATH_SEARCH_PATHS = (
					"$(inherited)",
					"@executable_path/Frameworks",
				);
				MARKETING_VERSION = 2.6;
				PRODUCT_BUNDLE_IDENTIFIER = "io.branch.link-simulator";
				PRODUCT_NAME = "$(TARGET_NAME)";
				SUPPORTED_PLATFORMS = "iphoneos iphonesimulator";
				SUPPORTS_MACCATALYST = NO;
				SUPPORTS_MAC_DESIGNED_FOR_IPHONE_IPAD = NO;
				SWIFT_EMIT_LOC_STRINGS = YES;
				SWIFT_VERSION = 5.0;
				TARGETED_DEVICE_FAMILY = 1;
			};
			name = Debug;
		};
		C16B979B2B759F9E00FB0631 /* Release */ = {
			isa = XCBuildConfiguration;
			buildSettings = {
				ASSETCATALOG_COMPILER_APPICON_NAME = AppIcon;
				ASSETCATALOG_COMPILER_GLOBAL_ACCENT_COLOR_NAME = AccentColor;
				CODE_SIGN_ENTITLEMENTS = BranchLinkSimulator/BranchLinkSimulator.entitlements;
				CODE_SIGN_STYLE = Automatic;
				CURRENT_PROJECT_VERSION = 1;
				DEVELOPMENT_ASSET_PATHS = "\"BranchLinkSimulator/Preview Content\"";
				DEVELOPMENT_TEAM = R63EM248DP;
				ENABLE_PREVIEWS = YES;
				GENERATE_INFOPLIST_FILE = YES;
				INFOPLIST_FILE = BranchLinkSimulator/Info.plist;
				INFOPLIST_KEY_CFBundleDisplayName = "Link Simulator";
				INFOPLIST_KEY_LSApplicationCategoryType = "public.app-category.developer-tools";
				INFOPLIST_KEY_NSUserTrackingUsageDescription = "We use tracking to improve your experience—ensuring efficient app navigation, accurate event insights, and proper functionality.";
				INFOPLIST_KEY_UIApplicationSceneManifest_Generation = YES;
				INFOPLIST_KEY_UIApplicationSupportsIndirectInputEvents = YES;
				INFOPLIST_KEY_UILaunchScreen_Generation = YES;
				INFOPLIST_KEY_UISupportedInterfaceOrientations = UIInterfaceOrientationPortrait;
				INFOPLIST_KEY_UISupportedInterfaceOrientations_iPad = "UIInterfaceOrientationLandscapeLeft UIInterfaceOrientationLandscapeRight UIInterfaceOrientationPortrait UIInterfaceOrientationPortraitUpsideDown";
				LD_RUNPATH_SEARCH_PATHS = (
					"$(inherited)",
					"@executable_path/Frameworks",
				);
				MARKETING_VERSION = 2.6;
				PRODUCT_BUNDLE_IDENTIFIER = "io.branch.link-simulator";
				PRODUCT_NAME = "$(TARGET_NAME)";
				SUPPORTED_PLATFORMS = "iphoneos iphonesimulator";
				SUPPORTS_MACCATALYST = NO;
				SUPPORTS_MAC_DESIGNED_FOR_IPHONE_IPAD = NO;
				SWIFT_EMIT_LOC_STRINGS = YES;
				SWIFT_VERSION = 5.0;
				TARGETED_DEVICE_FAMILY = 1;
			};
			name = Release;
		};
/* End XCBuildConfiguration section */

/* Begin XCConfigurationList section */
		C16B97862B759F9D00FB0631 /* Build configuration list for PBXProject "BranchLinkSimulator" */ = {
			isa = XCConfigurationList;
			buildConfigurations = (
				C16B97972B759F9E00FB0631 /* Debug */,
				C16B97982B759F9E00FB0631 /* Release */,
			);
			defaultConfigurationIsVisible = 0;
			defaultConfigurationName = Release;
		};
		C16B97992B759F9E00FB0631 /* Build configuration list for PBXNativeTarget "BranchLinkSimulator" */ = {
			isa = XCConfigurationList;
			buildConfigurations = (
				C16B979A2B759F9E00FB0631 /* Debug */,
				C16B979B2B759F9E00FB0631 /* Release */,
			);
			defaultConfigurationIsVisible = 0;
			defaultConfigurationName = Release;
		};
/* End XCConfigurationList section */

/* Begin XCRemoteSwiftPackageReference section */
		C10E03942D11EE6C00ECD382 /* XCRemoteSwiftPackageReference "ios-branch-deep-linking-attribution" */ = {
			isa = XCRemoteSwiftPackageReference;
			repositoryURL = "https://github.com/BranchMetrics/ios-branch-deep-linking-attribution";
			requirement = {
				branch = master;
				kind = branch;
			};
		};
/* End XCRemoteSwiftPackageReference section */

/* Begin XCSwiftPackageProductDependency section */
		C10E03952D11EE6C00ECD382 /* BranchSDK */ = {
			isa = XCSwiftPackageProductDependency;
			package = C10E03942D11EE6C00ECD382 /* XCRemoteSwiftPackageReference "ios-branch-deep-linking-attribution" */;
			productName = BranchSDK;
		};
/* End XCSwiftPackageProductDependency section */
	};
	rootObject = C16B97832B759F9D00FB0631 /* Project object */;
}
