{
  "pins" : [
    {
      "identity" : "ios-branch-sdk-spm",
      "kind" : "remoteSourceControl",
      "location" : "https://github.com/BranchMetrics/ios-branch-sdk-spm",
      "state" : {
        "revision" : "e3baac02c83da7d14f3a19788c4601e2d79e65b7",
        "version" : "3.2.0"
      }
    }
  ],
  "version" : 2
}
